
Microsoft Visual Studio Solution File, Format Version 12.00
# Visual Studio Version 17
VisualStudioVersion = 17.6.33723.286
MinimumVisualStudioVersion = 10.0.40219.1
Project("{FAE04EC0-301F-11D3-BF4B-00C04F79EFBC}") = "DevelopexTestApp", "DevelopexTestApp.csproj", "{BCAF533F-CBB2-4C52-8729-BE9D26A711ED}"
EndProject
Global
	GlobalSection(SolutionConfigurationPlatforms) = preSolution
		Debug|Any CPU = Debug|Any CPU
		Release|Any CPU = Release|Any CPU
	EndGlobalSection
	GlobalSection(ProjectConfigurationPlatforms) = postSolution
		{BCAF533F-CBB2-4C52-8729-BE9D26A711ED}.Debug|Any CPU.ActiveCfg = Debug|Any CPU
		{BCAF533F-CBB2-4C52-8729-BE9D26A711ED}.Debug|Any CPU.Build.0 = Debug|Any CPU
		{BCAF533F-CBB2-4C52-8729-BE9D26A711ED}.Release|Any CPU.ActiveCfg = Release|Any CPU
		{BCAF533F-CBB2-4C52-8729-BE9D26A711ED}.Release|Any CPU.Build.0 = Release|Any CPU
	EndGlobalSection
	GlobalSection(SolutionProperties) = preSolution
		HideSolutionNode = FALSE
	EndGlobalSection
	GlobalSection(ExtensibilityGlobals) = postSolution
		SolutionGuid = {6952221C-CFA1-43FE-9D30-CC3654DB39FF}
	EndGlobalSection
EndGlobal
